
Microsoft Visual Studio Solution File, Format Version 12.00
# Visual Studio Version 17
VisualStudioVersion = 17.7.34003.232
MinimumVisualStudioVersion = 10.0.40219.1
Project("{9A19103F-16F7-4668-BE54-9A1E7A4F7556}") = "Assessment.Console", "Assessment.Console\Assessment.Console.csproj", "{746CF66B-C5F3-47CC-BF03-1941D755B4DA}"
EndProject
Project("{9A19103F-16F7-4668-BE54-9A1E7A4F7556}") = "Assessment.Domain", "Assessment.Domain\Assessment.Domain.csproj", "{C350E6A5-0447-4682-AAA8-6C52A05271F6}"
EndProject
Project("{9A19103F-16F7-4668-BE54-9A1E7A4F7556}") = "Assessment.Business", "Assessment.Business\Assessment.Business.csproj", "{7E0BCFDC-03F3-4E06-97FB-B7FBCD2D57E6}"
EndProject
Project("{FAE04EC0-301F-11D3-BF4B-00C04F79EFBC}") = "Assessment.WebApi", "Assessment.WebApi\Assessment.WebApi.csproj", "{5DA5B5CB-B9F4-4FEC-B363-1DBB5AE31820}"
EndProject
Project("{FAE04EC0-301F-11D3-BF4B-00C04F79EFBC}") = "Assess.UnitTests", "Assess.UnitTests\Assess.UnitTests.csproj", "{065348FE-1167-4894-8ECF-67CC8A3A8390}"
EndProject
Global
	GlobalSection(SolutionConfigurationPlatforms) = preSolution
		Debug|Any CPU = Debug|Any CPU
		Release|Any CPU = Release|Any CPU
	EndGlobalSection
	GlobalSection(ProjectConfigurationPlatforms) = postSolution
		{746CF66B-C5F3-47CC-BF03-1941D755B4DA}.Debug|Any CPU.ActiveCfg = Debug|Any CPU
		{746CF66B-C5F3-47CC-BF03-1941D755B4DA}.Debug|Any CPU.Build.0 = Debug|Any CPU
		{746CF66B-C5F3-47CC-BF03-1941D755B4DA}.Release|Any CPU.ActiveCfg = Release|Any CPU
		{746CF66B-C5F3-47CC-BF03-1941D755B4DA}.Release|Any CPU.Build.0 = Release|Any CPU
		{C350E6A5-0447-4682-AAA8-6C52A05271F6}.Debug|Any CPU.ActiveCfg = Debug|Any CPU
		{C350E6A5-0447-4682-AAA8-6C52A05271F6}.Debug|Any CPU.Build.0 = Debug|Any CPU
		{C350E6A5-0447-4682-AAA8-6C52A05271F6}.Release|Any CPU.ActiveCfg = Release|Any CPU
		{C350E6A5-0447-4682-AAA8-6C52A05271F6}.Release|Any CPU.Build.0 = Release|Any CPU
		{7E0BCFDC-03F3-4E06-97FB-B7FBCD2D57E6}.Debug|Any CPU.ActiveCfg = Debug|Any CPU
		{7E0BCFDC-03F3-4E06-97FB-B7FBCD2D57E6}.Debug|Any CPU.Build.0 = Debug|Any CPU
		{7E0BCFDC-03F3-4E06-97FB-B7FBCD2D57E6}.Release|Any CPU.ActiveCfg = Release|Any CPU
		{7E0BCFDC-03F3-4E06-97FB-B7FBCD2D57E6}.Release|Any CPU.Build.0 = Release|Any CPU
		{5DA5B5CB-B9F4-4FEC-B363-1DBB5AE31820}.Debug|Any CPU.ActiveCfg = Debug|Any CPU
		{5DA5B5CB-B9F4-4FEC-B363-1DBB5AE31820}.Debug|Any CPU.Build.0 = Debug|Any CPU
		{5DA5B5CB-B9F4-4FEC-B363-1DBB5AE31820}.Release|Any CPU.ActiveCfg = Release|Any CPU
		{5DA5B5CB-B9F4-4FEC-B363-1DBB5AE31820}.Release|Any CPU.Build.0 = Release|Any CPU
		{065348FE-1167-4894-8ECF-67CC8A3A8390}.Debug|Any CPU.ActiveCfg = Debug|Any CPU
		{065348FE-1167-4894-8ECF-67CC8A3A8390}.Debug|Any CPU.Build.0 = Debug|Any CPU
		{065348FE-1167-4894-8ECF-67CC8A3A8390}.Release|Any CPU.ActiveCfg = Release|Any CPU
		{065348FE-1167-4894-8ECF-67CC8A3A8390}.Release|Any CPU.Build.0 = Release|Any CPU
	EndGlobalSection
	GlobalSection(SolutionProperties) = preSolution
		HideSolutionNode = FALSE
	EndGlobalSection
	GlobalSection(ExtensibilityGlobals) = postSolution
		SolutionGuid = {BED298CF-5553-49A1-90D1-D1B94850DCF1}
	EndGlobalSection
EndGlobal
